
Microsoft Visual Studio Solution File, Format Version 12.00
# Visual Studio Version 17
VisualStudioVersion = 17.6.33617.297
MinimumVisualStudioVersion = 10.0.40219.1
Project("{9A19103F-16F7-4668-BE54-9A1E7A4F7556}") = "Hi3Helper.SharpHDiffPatch", "Hi3Helper.SharpHDiffPatch\Hi3Helper.SharpHDiffPatch.csproj", "{57CB7A6D-2474-4A01-BE1A-5D1488F81390}"
EndProject
Project("{9A19103F-16F7-4668-BE54-9A1E7A4F7556}") = "SharpHDiffPatch", "SharpHDiffPatch\SharpHDiffPatch.csproj", "{506DDD1C-DD74-4FCE-A0C9-D90E904CF708}"
EndProject
Global
	GlobalSection(SolutionConfigurationPlatforms) = preSolution
		Debug|ARM64 = Debug|ARM64
		Debug|x64 = Debug|x64
		Release|ARM64 = Release|ARM64
		Release|x64 = Release|x64
		ReleaseCore|ARM64 = ReleaseCore|ARM64
		ReleaseCore|x64 = ReleaseCore|x64
	EndGlobalSection
	GlobalSection(ProjectConfigurationPlatforms) = postSolution
		{57CB7A6D-2474-4A01-BE1A-5D1488F81390}.Debug|ARM64.ActiveCfg = Debug|ARM64
		{57CB7A6D-2474-4A01-BE1A-5D1488F81390}.Debug|ARM64.Build.0 = Debug|ARM64
		{57CB7A6D-2474-4A01-BE1A-5D1488F81390}.Debug|x64.ActiveCfg = Debug|x64
		{57CB7A6D-2474-4A01-BE1A-5D1488F81390}.Debug|x64.Build.0 = Debug|x64
		{57CB7A6D-2474-4A01-BE1A-5D1488F81390}.Release|ARM64.ActiveCfg = Release|ARM64
		{57CB7A6D-2474-4A01-BE1A-5D1488F81390}.Release|ARM64.Build.0 = Release|ARM64
		{57CB7A6D-2474-4A01-BE1A-5D1488F81390}.Release|x64.ActiveCfg = Release|x64
		{57CB7A6D-2474-4A01-BE1A-5D1488F81390}.Release|x64.Build.0 = Release|x64
		{57CB7A6D-2474-4A01-BE1A-5D1488F81390}.ReleaseCore|ARM64.ActiveCfg = ReleaseCore|ARM64
		{57CB7A6D-2474-4A01-BE1A-5D1488F81390}.ReleaseCore|ARM64.Build.0 = ReleaseCore|ARM64
		{57CB7A6D-2474-4A01-BE1A-5D1488F81390}.ReleaseCore|x64.ActiveCfg = ReleaseCore|x64
		{57CB7A6D-2474-4A01-BE1A-5D1488F81390}.ReleaseCore|x64.Build.0 = ReleaseCore|x64
		{506DDD1C-DD74-4FCE-A0C9-D90E904CF708}.Debug|ARM64.ActiveCfg = Debug|ARM64
		{506DDD1C-DD74-4FCE-A0C9-D90E904CF708}.Debug|ARM64.Build.0 = Debug|ARM64
		{506DDD1C-DD74-4FCE-A0C9-D90E904CF708}.Debug|x64.ActiveCfg = Debug|x64
		{506DDD1C-DD74-4FCE-A0C9-D90E904CF708}.Debug|x64.Build.0 = Debug|x64
		{506DDD1C-DD74-4FCE-A0C9-D90E904CF708}.Release|ARM64.ActiveCfg = Release|ARM64
		{506DDD1C-DD74-4FCE-A0C9-D90E904CF708}.Release|ARM64.Build.0 = Release|ARM64
		{506DDD1C-DD74-4FCE-A0C9-D90E904CF708}.Release|x64.ActiveCfg = Release|x64
		{506DDD1C-DD74-4FCE-A0C9-D90E904CF708}.Release|x64.Build.0 = Release|x64
		{506DDD1C-DD74-4FCE-A0C9-D90E904CF708}.ReleaseCore|ARM64.ActiveCfg = ReleaseCore|ARM64
		{506DDD1C-DD74-4FCE-A0C9-D90E904CF708}.ReleaseCore|ARM64.Build.0 = ReleaseCore|ARM64
		{506DDD1C-DD74-4FCE-A0C9-D90E904CF708}.ReleaseCore|x64.ActiveCfg = ReleaseCore|x64
		{506DDD1C-DD74-4FCE-A0C9-D90E904CF708}.ReleaseCore|x64.Build.0 = ReleaseCore|x64
	EndGlobalSection
	GlobalSection(SolutionProperties) = preSolution
		HideSolutionNode = FALSE
	EndGlobalSection
	GlobalSection(ExtensibilityGlobals) = postSolution
		SolutionGuid = {9B909AEF-C93A-4E46-BA4B-B600F0C9FDBE}
	EndGlobalSection
EndGlobal
